
Microsoft Visual Studio Solution File, Format Version 12.00
# Visual Studio Version 17
VisualStudioVersion = 17.5.33627.172
MinimumVisualStudioVersion = 10.0.40219.1
Project("{9A19103F-16F7-4668-BE54-9A1E7A4F7556}") = "ExampleWebApplication", "ExampleWebApplication\ExampleWebApplication.csproj", "{BB6B76B1-66FF-4B7B-8AAA-303B7235E998}"
EndProject
Project("{9A19103F-16F7-4668-BE54-9A1E7A4F7556}") = "Redis", "Redis\Redis.csproj", "{1BEC7343-C7D8-4F20-824C-FB8F70C726D8}"
EndProject
Global
	GlobalSection(SolutionConfigurationPlatforms) = preSolution
		Debug|Any CPU = Debug|Any CPU
		Release|Any CPU = Release|Any CPU
	EndGlobalSection
	GlobalSection(ProjectConfigurationPlatforms) = postSolution
		{BB6B76B1-66FF-4B7B-8AAA-303B7235E998}.Debug|Any CPU.ActiveCfg = Debug|Any CPU
		{BB6B76B1-66FF-4B7B-8AAA-303B7235E998}.Debug|Any CPU.Build.0 = Debug|Any CPU
		{BB6B76B1-66FF-4B7B-8AAA-303B7235E998}.Release|Any CPU.ActiveCfg = Release|Any CPU
		{BB6B76B1-66FF-4B7B-8AAA-303B7235E998}.Release|Any CPU.Build.0 = Release|Any CPU
		{1BEC7343-C7D8-4F20-824C-FB8F70C726D8}.Debug|Any CPU.ActiveCfg = Debug|Any CPU
		{1BEC7343-C7D8-4F20-824C-FB8F70C726D8}.Debug|Any CPU.Build.0 = Debug|Any CPU
		{1BEC7343-C7D8-4F20-824C-FB8F70C726D8}.Release|Any CPU.ActiveCfg = Release|Any CPU
		{1BEC7343-C7D8-4F20-824C-FB8F70C726D8}.Release|Any CPU.Build.0 = Release|Any CPU
	EndGlobalSection
	GlobalSection(SolutionProperties) = preSolution
		HideSolutionNode = FALSE
	EndGlobalSection
	GlobalSection(ExtensibilityGlobals) = postSolution
		SolutionGuid = {A73FA243-76ED-4464-8CFF-FC7EEC4051CA}
	EndGlobalSection
EndGlobal
